Microsoft Visual Studio Solution File, Format Version 12.00
# Visual Studio Version 17
VisualStudioVersion = 17.5.2.0
MinimumVisualStudioVersion = 10.0.40219.1
Project("{FAE04EC0-301F-11D3-BF4B-00C04F79EFBC}") = "MessyHouseApiProject", "MessyHouseApiProject.csproj", "{D10F735F-D63D-8DC8-AFE0-4396DF5F83A3}"
EndProject
Global
	GlobalSection(SolutionConfigurationPlatforms) = preSolution
		Debug|Any CPU = Debug|Any CPU
		Release|Any CPU = Release|Any CPU
	EndGlobalSection
	GlobalSection(ProjectConfigurationPlatforms) = postSolution
		{D10F735F-D63D-8DC8-AFE0-4396DF5F83A3}.Debug|Any CPU.ActiveCfg = Debug|Any CPU
		{D10F735F-D63D-8DC8-AFE0-4396DF5F83A3}.Debug|Any CPU.Build.0 = Debug|Any CPU
		{D10F735F-D63D-8DC8-AFE0-4396DF5F83A3}.Release|Any CPU.ActiveCfg = Release|Any CPU
		{D10F735F-D63D-8DC8-AFE0-4396DF5F83A3}.Release|Any CPU.Build.0 = Release|Any CPU
	EndGlobalSection
	GlobalSection(SolutionProperties) = preSolution
		HideSolutionNode = FALSE
	EndGlobalSection
	GlobalSection(ExtensibilityGlobals) = postSolution
		SolutionGuid = {C78B9482-9386-4D42-A46D-D71D024E9787}
	EndGlobalSection
EndGlobal
