
Microsoft Visual Studio Solution File, Format Version 12.00
# Visual Studio Version 17
VisualStudioVersion = 17.5.2.0
MinimumVisualStudioVersion = 10.0.40219.1
Project("{FAE04EC0-301F-11D3-BF4B-00C04F79EFBC}") = "MessyHouse.UI", "MessyHouse.UI\MessyHouse.UI.csproj", "{C893511E-8E99-4F28-8C60-092DF2198254}"
EndProject
Project("{FAE04EC0-301F-11D3-BF4B-00C04F79EFBC}") = "MessyHouse.API", "MessyHouse.API\MessyHouse.API.csproj", "{D4B18055-AB23-4B43-958F-731CE98555CE}"
EndProject
Project("{FAE04EC0-301F-11D3-BF4B-00C04F79EFBC}") = "MessyHouse.Tests", "MessyHouse.Tests\MessyHouse.Tests.csproj", "{03FD3F80-D359-4C4C-BBFB-02C05D0817EE}"
EndProject
Global
	GlobalSection(SolutionConfigurationPlatforms) = preSolution
		Debug|Any CPU = Debug|Any CPU
		Debug|x64 = Debug|x64
		Debug|x86 = Debug|x86
		Release|Any CPU = Release|Any CPU
		Release|x64 = Release|x64
		Release|x86 = Release|x86
	EndGlobalSection
	GlobalSection(ProjectConfigurationPlatforms) = postSolution
		{C893511E-8E99-4F28-8C60-092DF2198254}.Debug|Any CPU.ActiveCfg = Debug|Any CPU
		{C893511E-8E99-4F28-8C60-092DF2198254}.Debug|Any CPU.Build.0 = Debug|Any CPU
		{C893511E-8E99-4F28-8C60-092DF2198254}.Debug|x64.ActiveCfg = Debug|Any CPU
		{C893511E-8E99-4F28-8C60-092DF2198254}.Debug|x64.Build.0 = Debug|Any CPU
		{C893511E-8E99-4F28-8C60-092DF2198254}.Debug|x86.ActiveCfg = Debug|Any CPU
		{C893511E-8E99-4F28-8C60-092DF2198254}.Debug|x86.Build.0 = Debug|Any CPU
		{C893511E-8E99-4F28-8C60-092DF2198254}.Release|Any CPU.ActiveCfg = Release|Any CPU
		{C893511E-8E99-4F28-8C60-092DF2198254}.Release|Any CPU.Build.0 = Release|Any CPU
		{C893511E-8E99-4F28-8C60-092DF2198254}.Release|x64.ActiveCfg = Release|Any CPU
		{C893511E-8E99-4F28-8C60-092DF2198254}.Release|x64.Build.0 = Release|Any CPU
		{C893511E-8E99-4F28-8C60-092DF2198254}.Release|x86.ActiveCfg = Release|Any CPU
		{C893511E-8E99-4F28-8C60-092DF2198254}.Release|x86.Build.0 = Release|Any CPU
		{D4B18055-AB23-4B43-958F-731CE98555CE}.Debug|Any CPU.ActiveCfg = Debug|Any CPU
		{D4B18055-AB23-4B43-958F-731CE98555CE}.Debug|Any CPU.Build.0 = Debug|Any CPU
		{D4B18055-AB23-4B43-958F-731CE98555CE}.Debug|x64.ActiveCfg = Debug|Any CPU
		{D4B18055-AB23-4B43-958F-731CE98555CE}.Debug|x64.Build.0 = Debug|Any CPU
		{D4B18055-AB23-4B43-958F-731CE98555CE}.Debug|x86.ActiveCfg = Debug|Any CPU
		{D4B18055-AB23-4B43-958F-731CE98555CE}.Debug|x86.Build.0 = Debug|Any CPU
		{D4B18055-AB23-4B43-958F-731CE98555CE}.Release|Any CPU.ActiveCfg = Release|Any CPU
		{D4B18055-AB23-4B43-958F-731CE98555CE}.Release|Any CPU.Build.0 = Release|Any CPU
		{D4B18055-AB23-4B43-958F-731CE98555CE}.Release|x64.ActiveCfg = Release|Any CPU
		{D4B18055-AB23-4B43-958F-731CE98555CE}.Release|x64.Build.0 = Release|Any CPU
		{D4B18055-AB23-4B43-958F-731CE98555CE}.Release|x86.ActiveCfg = Release|Any CPU
		{D4B18055-AB23-4B43-958F-731CE98555CE}.Release|x86.Build.0 = Release|Any CPU
		{03FD3F80-D359-4C4C-BBFB-02C05D0817EE}.Debug|Any CPU.ActiveCfg = Debug|Any CPU
		{03FD3F80-D359-4C4C-BBFB-02C05D0817EE}.Debug|Any CPU.Build.0 = Debug|Any CPU
		{03FD3F80-D359-4C4C-BBFB-02C05D0817EE}.Debug|x64.ActiveCfg = Debug|Any CPU
		{03FD3F80-D359-4C4C-BBFB-02C05D0817EE}.Debug|x64.Build.0 = Debug|Any CPU
		{03FD3F80-D359-4C4C-BBFB-02C05D0817EE}.Debug|x86.ActiveCfg = Debug|Any CPU
		{03FD3F80-D359-4C4C-BBFB-02C05D0817EE}.Debug|x86.Build.0 = Debug|Any CPU
		{03FD3F80-D359-4C4C-BBFB-02C05D0817EE}.Release|Any CPU.ActiveCfg = Release|Any CPU
		{03FD3F80-D359-4C4C-BBFB-02C05D0817EE}.Release|Any CPU.Build.0 = Release|Any CPU
		{03FD3F80-D359-4C4C-BBFB-02C05D0817EE}.Release|x64.ActiveCfg = Release|Any CPU
		{03FD3F80-D359-4C4C-BBFB-02C05D0817EE}.Release|x64.Build.0 = Release|Any CPU
		{03FD3F80-D359-4C4C-BBFB-02C05D0817EE}.Release|x86.ActiveCfg = Release|Any CPU
		{03FD3F80-D359-4C4C-BBFB-02C05D0817EE}.Release|x86.Build.0 = Release|Any CPU
	EndGlobalSection
	GlobalSection(SolutionProperties) = preSolution
		HideSolutionNode = FALSE
	EndGlobalSection
	GlobalSection(ExtensibilityGlobals) = postSolution
		SolutionGuid = {C78B9482-9386-4D42-A46D-D71D024E9787}
	EndGlobalSection
EndGlobal
